// !$*UTF8*$!
{
	archiveVersion = 1;
	classes = {
	};
	objectVersion = 50;
	objects = {

/* Begin PBXBuildFile section */
		146C7F02216B30CE00ED6458 /* AppDelegate.swift in Sources */ = {isa = PBXBuildFile; fileRef = 146C7F01216B30CE00ED6458 /* AppDelegate.swift */; };
		146C7F04216B30CE00ED6458 /* ViewController.swift in Sources */ = {isa = PBXBuildFile; fileRef = 146C7F03216B30CE00ED6458 /* ViewController.swift */; };
		146C7F07216B30CE00ED6458 /* Main.storyboard in Resources */ = {isa = PBXBuildFile; fileRef = 146C7F05216B30CE00ED6458 /* Main.storyboard */; };
		146C7F09216B30CF00ED6458 /* Assets.xcassets in Resources */ = {isa = PBXBuildFile; fileRef = 146C7F08216B30CF00ED6458 /* Assets.xcassets */; };
		146C7F0C216B30CF00ED6458 /* LaunchScreen.storyboard in Resources */ = {isa = PBXBuildFile; fileRef = 146C7F0A216B30CF00ED6458 /* LaunchScreen.storyboard */; };
/* End PBXBuildFile section */

/* Begin PBXFileReference section */
		146C7EFE216B30CE00ED6458 /* ik_book_parsing_dataclass.app */ = {isa = PBXFileReference; explicitFileType = wrapper.application; includeInIndex = 0; path = ik_book_parsing_dataclass.app; sourceTree = BUILT_PRODUCTS_DIR; };
		146C7F01216B30CE00ED6458 /* AppDelegate.swift */ = {isa = PBXFileReference; lastKnownFileType = sourcecode.swift; path = AppDelegate.swift; sourceTree = "<group>"; };
		146C7F03216B30CE00ED6458 /* ViewController.swift */ = {isa = PBXFileReference; lastKnownFileType = sourcecode.swift; path = ViewController.swift; sourceTree = "<group>"; };
		146C7F06216B30CE00ED6458 /* Base */ = {isa = PBXFileReference; lastKnownFileType = file.storyboard; name = Base; path = Base.lproj/Main.storyboard; sourceTree = "<group>"; };
		146C7F08216B30CF00ED6458 /* Assets.xcassets */ = {isa = PBXFileReference; lastKnownFileType = folder.assetcatalog; path = Assets.xcassets; sourceTree = "<group>"; };
		146C7F0B216B30CF00ED6458 /* Base */ = {isa = PBXFileReference; lastKnownFileType = file.storyboard; name = Base; path = Base.lproj/LaunchScreen.storyboard; sourceTree = "<group>"; };
		146C7F0D216B30CF00ED6458 /* Info.plist */ = {isa = PBXFileReference; lastKnownFileType = text.plist.xml; path = Info.plist; sourceTree = "<group>"; };
/* End PBXFileReference section */

/* Begin PBXFrameworksBuildPhase section */
		146C7EFB216B30CE00ED6458 /* Frameworks */ = {
			isa = PBXFrameworksBuildPhase;
			buildActionMask = 2147483647;
			files = (
			);
			runOnlyForDeploymentPostprocessing = 0;
		};
/* End PBXFrameworksBuildPhase section */

/* Begin PBXGroup section */
		146C7EF5216B30CE00ED6458 = {
			isa = PBXGroup;
			children = (
				146C7F00216B30CE00ED6458 /* ik_book_parsing_dataclass */,
				146C7EFF216B30CE00ED6458 /* Products */,
			);
			sourceTree = "<group>";
		};
		146C7EFF216B30CE00ED6458 /* Products */ = {
			isa = PBXGroup;
			children = (
				146C7EFE216B30CE00ED6458 /* ik_book_parsing_dataclass.app */,
			);
			name = Products;
			sourceTree = "<group>";
		};
		146C7F00216B30CE00ED6458 /* ik_book_parsing_dataclass */ = {
			isa = PBXGroup;
			children = (
				146C7F01216B30CE00ED6458 /* AppDelegate.swift */,
				146C7F03216B30CE00ED6458 /* ViewController.swift */,
				146C7F05216B30CE00ED6458 /* Main.storyboard */,
				146C7F08216B30CF00ED6458 /* Assets.xcassets */,
				146C7F0A216B30CF00ED6458 /* LaunchScreen.storyboard */,
				146C7F0D216B30CF00ED6458 /* Info.plist */,
			);
			path = ik_book_parsing_dataclass;
			sourceTree = "<group>";
		};
/* End PBXGroup section */

/* Begin PBXNativeTarget section */
		146C7EFD216B30CE00ED6458 /* ik_book_parsing_dataclass */ = {
			isa = PBXNativeTarget;
			buildConfigurationList = 146C7F10216B30CF00ED6458 /* Build configuration list for PBXNativeTarget "ik_book_parsing_dataclass" */;
			buildPhases = (
				146C7EFA216B30CE00ED6458 /* Sources */,
				146C7EFB216B30CE00ED6458 /* Frameworks */,
				146C7EFC216B30CE00ED6458 /* Resources */,
			);
			buildRules = (
			);
			dependencies = (
			);
			name = ik_book_parsing_dataclass;
			productName = ik_book_parsing_dataclass;
			productReference = 146C7EFE216B30CE00ED6458 /* ik_book_parsing_dataclass.app */;
			productType = "com.apple.product-type.application";
		};
/* End PBXNativeTarget section */

/* Begin PBXProject section */
		146C7EF6216B30CE00ED6458 /* Project object */ = {
			isa = PBXProject;
			attributes = {
				LastSwiftUpdateCheck = 0940;
				LastUpgradeCheck = 0940;
				ORGANIZATIONNAME = jik;
				TargetAttributes = {
					146C7EFD216B30CE00ED6458 = {
						CreatedOnToolsVersion = 9.4.1;
					};
				};
			};
			buildConfigurationList = 146C7EF9216B30CE00ED6458 /* Build configuration list for PBXProject "ik_book_parsing_dataclass" */;
			compatibilityVersion = "Xcode 9.3";
			developmentRegion = en;
			hasScannedForEncodings = 0;
			knownRegions = (
				en,
				Base,
			);
			mainGroup = 146C7EF5216B30CE00ED6458;
			productRefGroup = 146C7EFF216B30CE00ED6458 /* Products */;
			projectDirPath = "";
			projectRoot = "";
			targets = (
				146C7EFD216B30CE00ED6458 /* ik_book_parsing_dataclass */,
			);
		};
/* End PBXProject section */

/* Begin PBXResourcesBuildPhase section */
		146C7EFC216B30CE00ED6458 /* Resources */ = {
			isa = PBXResourcesBuildPhase;
			buildActionMask = 2147483647;
			files = (
				146C7F0C216B30CF00ED6458 /* LaunchScreen.storyboard in Resources */,
				146C7F09216B30CF00ED6458 /* Assets.xcassets in Resources */,
				146C7F07216B30CE00ED6458 /* Main.storyboard in Resources */,
			);
			runOnlyForDeploymentPostprocessing = 0;
		};
/* End PBXResourcesBuildPhase section */

/* Begin PBXSourcesBuildPhase section */
		146C7EFA216B30CE00ED6458 /* Sources */ = {
			isa = PBXSourcesBuildPhase;
			buildActionMask = 2147483647;
			files = (
				146C7F04216B30CE00ED6458 /* ViewController.swift in Sources */,
				146C7F02216B30CE00ED6458 /* AppDelegate.swift in Sources */,
			);
			runOnlyForDeploymentPostprocessing = 0;
		};
/* End PBXSourcesBuildPhase section */

/* Begin PBXVariantGroup section */
		146C7F05216B30CE00ED6458 /* Main.storyboard */ = {
			isa = PBXVariantGroup;
			children = (
				146C7F06216B30CE00ED6458 /* Base */,
			);
			name = Main.storyboard;
			sourceTree = "<group>";
		};
		146C7F0A216B30CF00ED6458 /* LaunchScreen.storyboard */ = {
			isa = PBXVariantGroup;
			children = (
				146C7F0B216B30CF00ED6458 /* Base */,
			);
			name = LaunchScreen.storyboard;
			sourceTree = "<group>";
		};
/* End PBXVariantGroup section */

/* Begin XCBuildConfiguration section */
		146C7F0E216B30CF00ED6458 /* Debug */ = {
			isa = XCBuildConfiguration;
			buildSettings = {
				ALWAYS_SEARCH_USER_PATHS = NO;
				CLANG_ANALYZER_NONNULL = YES;
				CLANG_ANALYZER_NUMBER_OBJECT_CONVERSION = YES_AGGRESSIVE;
				CLANG_CXX_LANGUAGE_STANDARD = "gnu++14";
				CLANG_CXX_LIBRARY = "libc++";
				CLANG_ENABLE_MODULES = YES;
				CLANG_ENABLE_OBJC_ARC = YES;
				CLANG_ENABLE_OBJC_WEAK = YES;
				CLANG_WARN_BLOCK_CAPTURE_AUTORELEASING = YES;
				CLANG_WARN_BOOL_CONVERSION = YES;
				CLANG_WARN_COMMA = YES;
				CLANG_WARN_CONSTANT_CONVERSION = YES;
				CLANG_WARN_DEPRECATED_OBJC_IMPLEMENTATIONS = YES;
				CLANG_WARN_DIRECT_OBJC_ISA_USAGE = YES_ERROR;
				CLANG_WARN_DOCUMENTATION_COMMENTS = YES;
				CLANG_WARN_EMPTY_BODY = YES;
				CLANG_WARN_ENUM_CONVERSION = YES;
				CLANG_WARN_INFINITE_RECURSION = YES;
				CLANG_WARN_INT_CONVERSION = YES;
				CLANG_WARN_NON_LITERAL_NULL_CONVERSION = YES;
				CLANG_WARN_OBJC_IMPLICIT_RETAIN_SELF = YES;
				CLANG_WARN_OBJC_LITERAL_CONVERSION = YES;
				CLANG_WARN_OBJC_ROOT_CLASS = YES_ERROR;
				CLANG_WARN_RANGE_LOOP_ANALYSIS = YES;
				CLANG_WARN_STRICT_PROTOTYPES = YES;
				CLANG_WARN_SUSPICIOUS_MOVE = YES;
				CLANG_WARN_UNGUARDED_AVAILABILITY = YES_AGGRESSIVE;
				CLANG_WARN_UNREACHABLE_CODE = YES;
				CLANG_WARN__DUPLICATE_METHOD_MATCH = YES;
				CODE_SIGN_IDENTITY = "iPhone Developer";
				COPY_PHASE_STRIP = NO;
				DEBUG_INFORMATION_FORMAT = dwarf;
				ENABLE_STRICT_OBJC_MSGSEND = YES;
				ENABLE_TESTABILITY = YES;
				GCC_C_LANGUAGE_STANDARD = gnu11;
				GCC_DYNAMIC_NO_PIC = NO;
				GCC_NO_COMMON_BLOCKS = YES;
				GCC_OPTIMIZATION_LEVEL = 0;
				GCC_PREPROCESSOR_DEFINITIONS = (
					"DEBUG=1",
					"$(inherited)",
				);
				GCC_WARN_64_TO_32_BIT_CONVERSION = YES;
				GCC_WARN_ABOUT_RETURN_TYPE = YES_ERROR;
				GCC_WARN_UNDECLARED_SELECTOR = YES;
				GCC_WARN_UNINITIALIZED_AUTOS = YES_AGGRESSIVE;
				GCC_WARN_UNUSED_FUNCTION = YES;
				GCC_WARN_UNUSED_VARIABLE = YES;
				IPHONEOS_DEPLOYMENT_TARGET = 11.4;
				MTL_ENABLE_DEBUG_INFO = YES;
				ONLY_ACTIVE_ARCH = YES;
				SDKROOT = iphoneos;
				SWIFT_ACTIVE_COMPILATION_CONDITIONS = DEBUG;
				SWIFT_OPTIMIZATION_LEVEL = "-Onone";
			};
			name = Debug;
		};
		146C7F0F216B30CF00ED6458 /* Release */ = {
			isa = XCBuildConfiguration;
			buildSettings = {
				ALWAYS_SEARCH_USER_PATHS = NO;
				CLANG_ANALYZER_NONNULL = YES;
				CLANG_ANALYZER_NUMBER_OBJECT_CONVERSION = YES_AGGRESSIVE;
				CLANG_CXX_LANGUAGE_STANDARD = "gnu++14";
				CLANG_CXX_LIBRARY = "libc++";
				CLANG_ENABLE_MODULES = YES;
				CLANG_ENABLE_OBJC_ARC = YES;
				CLANG_ENABLE_OBJC_WEAK = YES;
				CLANG_WARN_BLOCK_CAPTURE_AUTORELEASING = YES;
				CLANG_WARN_BOOL_CONVERSION = YES;
				CLANG_WARN_COMMA = YES;
				CLANG_WARN_CONSTANT_CONVERSION = YES;
				CLANG_WARN_DEPRECATED_OBJC_IMPLEMENTATIONS = YES;
				CLANG_WARN_DIRECT_OBJC_ISA_USAGE = YES_ERROR;
				CLANG_WARN_DOCUMENTATION_COMMENTS = YES;
				CLANG_WARN_EMPTY_BODY = YES;
				CLANG_WARN_ENUM_CONVERSION = YES;
				CLANG_WARN_INFINITE_RECURSION = YES;
				CLANG_WARN_INT_CONVERSION = YES;
				CLANG_WARN_NON_LITERAL_NULL_CONVERSION = YES;
				CLANG_WARN_OBJC_IMPLICIT_RETAIN_SELF = YES;
				CLANG_WARN_OBJC_LITERAL_CONVERSION = YES;
				CLANG_WARN_OBJC_ROOT_CLASS = YES_ERROR;
				CLANG_WARN_RANGE_LOOP_ANALYSIS = YES;
				CLANG_WARN_STRICT_PROTOTYPES = YES;
				CLANG_WARN_SUSPICIOUS_MOVE = YES;
				CLANG_WARN_UNGUARDED_AVAILABILITY = YES_AGGRESSIVE;
				CLANG_WARN_UNREACHABLE_CODE = YES;
				CLANG_WARN__DUPLICATE_METHOD_MATCH = YES;
				CODE_SIGN_IDENTITY = "iPhone Developer";
				COPY_PHASE_STRIP = NO;
				DEBUG_INFORMATION_FORMAT = "dwarf-with-dsym";
				ENABLE_NS_ASSERTIONS = NO;
				ENABLE_STRICT_OBJC_MSGSEND = YES;
				GCC_C_LANGUAGE_STANDARD = gnu11;
				GCC_NO_COMMON_BLOCKS = YES;
				GCC_WARN_64_TO_32_BIT_CONVERSION = YES;
				GCC_WARN_ABOUT_RETURN_TYPE = YES_ERROR;
				GCC_WARN_UNDECLARED_SELECTOR = YES;
				GCC_WARN_UNINITIALIZED_AUTOS = YES_AGGRESSIVE;
				GCC_WARN_UNUSED_FUNCTION = YES;
				GCC_WARN_UNUSED_VARIABLE = YES;
				IPHONEOS_DEPLOYMENT_TARGET = 11.4;
				MTL_ENABLE_DEBUG_INFO = NO;
				SDKROOT = iphoneos;
				SWIFT_COMPILATION_MODE = wholemodule;
				SWIFT_OPTIMIZATION_LEVEL = "-O";
				VALIDATE_PRODUCT = YES;
			};
			name = Release;
		};
		146C7F11216B30CF00ED6458 /* Debug */ = {
			isa = XCBuildConfiguration;
			buildSettings = {
				ASSETCATALOG_COMPILER_APPICON_NAME = AppIcon;
				CODE_SIGN_STYLE = Automatic;
				INFOPLIST_FILE = ik_book_parsing_dataclass/Info.plist;
				LD_RUNPATH_SEARCH_PATHS = (
					"$(inherited)",
					"@executable_path/Frameworks",
				);
				PRODUCT_BUNDLE_IDENTIFIER = "kr.ac.ditapps.ik-book-parsing-dataclass";
				PRODUCT_NAME = "$(TARGET_NAME)";
				SWIFT_VERSION = 4.0;
				TARGETED_DEVICE_FAMILY = "1,2";
			};
			name = Debug;
		};
		146C7F12216B30CF00ED6458 /* Release */ = {
			isa = XCBuildConfiguration;
			buildSettings = {
				ASSETCATALOG_COMPILER_APPICON_NAME = AppIcon;
				CODE_SIGN_STYLE = Automatic;
				INFOPLIST_FILE = ik_book_parsing_dataclass/Info.plist;
				LD_RUNPATH_SEARCH_PATHS = (
					"$(inherited)",
					"@executable_path/Frameworks",
				);
				PRODUCT_BUNDLE_IDENTIFIER = "kr.ac.ditapps.ik-book-parsing-dataclass";
				PRODUCT_NAME = "$(TARGET_NAME)";
				SWIFT_VERSION = 4.0;
				TARGETED_DEVICE_FAMILY = "1,2";
			};
			name = Release;
		};
/* End XCBuildConfiguration section */

/* Begin XCConfigurationList section */
		146C7EF9216B30CE00ED6458 /* Build configuration list for PBXProject "ik_book_parsing_dataclass" */ = {
			isa = XCConfigurationList;
			buildConfigurations = (
				146C7F0E216B30CF00ED6458 /* Debug */,
				146C7F0F216B30CF00ED6458 /* Release */,
			);
			defaultConfigurationIsVisible = 0;
			defaultConfigurationName = Release;
		};
		146C7F10216B30CF00ED6458 /* Build configuration list for PBXNativeTarget "ik_book_parsing_dataclass" */ = {
			isa = XCConfigurationList;
			buildConfigurations = (
				146C7F11216B30CF00ED6458 /* Debug */,
				146C7F12216B30CF00ED6458 /* Release */,
			);
			defaultConfigurationIsVisible = 0;
			defaultConfigurationName = Release;
		};
/* End XCConfigurationList section */
	};
	rootObject = 146C7EF6216B30CE00ED6458 /* Project object */;
}
